
Microsoft Visual Studio Solution File, Format Version 12.00
# Visual Studio Version 16
VisualStudioVersion = 16.0.30907.101
MinimumVisualStudioVersion = 10.0.40219.1
Project("{9A19103F-16F7-4668-BE54-9A1E7A4F7556}") = "KampIntro", "KampIntro\KampIntro.csproj", "{3C7A9AD8-9FC7-4DB3-A0B5-97A9119B9066}"
EndProject
Project("{9A19103F-16F7-4668-BE54-9A1E7A4F7556}") = "Donguler", "Donguler\Donguler.csproj", "{2EEA9542-465B-4725-A33B-35E487ACC189}"
EndProject
Project("{9A19103F-16F7-4668-BE54-9A1E7A4F7556}") = "ClasssIntro", "ClasssIntro\ClasssIntro.csproj", "{29B20EE9-033C-4E0D-928B-977C83CDD7AF}"
EndProject
Project("{9A19103F-16F7-4668-BE54-9A1E7A4F7556}") = "Metotlar", "Metotlar\Metotlar.csproj", "{C41601E5-2359-45D5-BF15-479CD50A8D16}"
EndProject
Project("{9A19103F-16F7-4668-BE54-9A1E7A4F7556}") = "Matematik", "Matematik\Matematik.csproj", "{73971C1A-391F-420C-AD37-EDDDD63BCC86}"
EndProject
Project("{9A19103F-16F7-4668-BE54-9A1E7A4F7556}") = "DegerVeReferansTipler", "DegerVeReferansTipler\DegerVeReferansTipler.csproj", "{9E51066A-0E1C-4972-B537-58CBB60C37E3}"
EndProject
Project("{9A19103F-16F7-4668-BE54-9A1E7A4F7556}") = "OOP1", "OOP1\OOP1.csproj", "{3F6C560D-5F49-498B-A499-951A18DDD769}"
EndProject
Project("{9A19103F-16F7-4668-BE54-9A1E7A4F7556}") = "Koleksiyonlar", "Koleksiyonlar\Koleksiyonlar.csproj", "{CB0CEB66-D87F-4F0D-B8E1-78381086228B}"
EndProject
Project("{9A19103F-16F7-4668-BE54-9A1E7A4F7556}") = "GenericsIntro", "GenericsIntro\GenericsIntro.csproj", "{D635BABC-5F58-41BD-A216-EC43105428B6}"
EndProject
Project("{FAE04EC0-301F-11D3-BF4B-00C04F79EFBC}") = "OOP2", "OOP2\OOP2.csproj", "{FF03E61F-2D99-4DB8-802F-4B31742AACDC}"
EndProject
Project("{FAE04EC0-301F-11D3-BF4B-00C04F79EFBC}") = "OOP3", "OOP3\OOP3.csproj", "{787BDC8E-9799-4D73-8053-DEE2ED52AB55}"
EndProject
Global
	GlobalSection(SolutionConfigurationPlatforms) = preSolution
		Debug|Any CPU = Debug|Any CPU
		Release|Any CPU = Release|Any CPU
	EndGlobalSection
	GlobalSection(ProjectConfigurationPlatforms) = postSolution
		{3C7A9AD8-9FC7-4DB3-A0B5-97A9119B9066}.Debug|Any CPU.ActiveCfg = Debug|Any CPU
		{3C7A9AD8-9FC7-4DB3-A0B5-97A9119B9066}.Debug|Any CPU.Build.0 = Debug|Any CPU
		{3C7A9AD8-9FC7-4DB3-A0B5-97A9119B9066}.Release|Any CPU.ActiveCfg = Release|Any CPU
		{3C7A9AD8-9FC7-4DB3-A0B5-97A9119B9066}.Release|Any CPU.Build.0 = Release|Any CPU
		{2EEA9542-465B-4725-A33B-35E487ACC189}.Debug|Any CPU.ActiveCfg = Debug|Any CPU
		{2EEA9542-465B-4725-A33B-35E487ACC189}.Debug|Any CPU.Build.0 = Debug|Any CPU
		{2EEA9542-465B-4725-A33B-35E487ACC189}.Release|Any CPU.ActiveCfg = Release|Any CPU
		{2EEA9542-465B-4725-A33B-35E487ACC189}.Release|Any CPU.Build.0 = Release|Any CPU
		{29B20EE9-033C-4E0D-928B-977C83CDD7AF}.Debug|Any CPU.ActiveCfg = Debug|Any CPU
		{29B20EE9-033C-4E0D-928B-977C83CDD7AF}.Debug|Any CPU.Build.0 = Debug|Any CPU
		{29B20EE9-033C-4E0D-928B-977C83CDD7AF}.Release|Any CPU.ActiveCfg = Release|Any CPU
		{29B20EE9-033C-4E0D-928B-977C83CDD7AF}.Release|Any CPU.Build.0 = Release|Any CPU
		{C41601E5-2359-45D5-BF15-479CD50A8D16}.Debug|Any CPU.ActiveCfg = Debug|Any CPU
		{C41601E5-2359-45D5-BF15-479CD50A8D16}.Debug|Any CPU.Build.0 = Debug|Any CPU
		{C41601E5-2359-45D5-BF15-479CD50A8D16}.Release|Any CPU.ActiveCfg = Release|Any CPU
		{C41601E5-2359-45D5-BF15-479CD50A8D16}.Release|Any CPU.Build.0 = Release|Any CPU
		{73971C1A-391F-420C-AD37-EDDDD63BCC86}.Debug|Any CPU.ActiveCfg = Debug|Any CPU
		{73971C1A-391F-420C-AD37-EDDDD63BCC86}.Debug|Any CPU.Build.0 = Debug|Any CPU
		{73971C1A-391F-420C-AD37-EDDDD63BCC86}.Release|Any CPU.ActiveCfg = Release|Any CPU
		{73971C1A-391F-420C-AD37-EDDDD63BCC86}.Release|Any CPU.Build.0 = Release|Any CPU
		{9E51066A-0E1C-4972-B537-58CBB60C37E3}.Debug|Any CPU.ActiveCfg = Debug|Any CPU
		{9E51066A-0E1C-4972-B537-58CBB60C37E3}.Debug|Any CPU.Build.0 = Debug|Any CPU
		{9E51066A-0E1C-4972-B537-58CBB60C37E3}.Release|Any CPU.ActiveCfg = Release|Any CPU
		{9E51066A-0E1C-4972-B537-58CBB60C37E3}.Release|Any CPU.Build.0 = Release|Any CPU
		{3F6C560D-5F49-498B-A499-951A18DDD769}.Debug|Any CPU.ActiveCfg = Debug|Any CPU
		{3F6C560D-5F49-498B-A499-951A18DDD769}.Debug|Any CPU.Build.0 = Debug|Any CPU
		{3F6C560D-5F49-498B-A499-951A18DDD769}.Release|Any CPU.ActiveCfg = Release|Any CPU
		{3F6C560D-5F49-498B-A499-951A18DDD769}.Release|Any CPU.Build.0 = Release|Any CPU
		{CB0CEB66-D87F-4F0D-B8E1-78381086228B}.Debug|Any CPU.ActiveCfg = Debug|Any CPU
		{CB0CEB66-D87F-4F0D-B8E1-78381086228B}.Debug|Any CPU.Build.0 = Debug|Any CPU
		{CB0CEB66-D87F-4F0D-B8E1-78381086228B}.Release|Any CPU.ActiveCfg = Release|Any CPU
		{CB0CEB66-D87F-4F0D-B8E1-78381086228B}.Release|Any CPU.Build.0 = Release|Any CPU
		{D635BABC-5F58-41BD-A216-EC43105428B6}.Debug|Any CPU.ActiveCfg = Debug|Any CPU
		{D635BABC-5F58-41BD-A216-EC43105428B6}.Debug|Any CPU.Build.0 = Debug|Any CPU
		{D635BABC-5F58-41BD-A216-EC43105428B6}.Release|Any CPU.ActiveCfg = Release|Any CPU
		{D635BABC-5F58-41BD-A216-EC43105428B6}.Release|Any CPU.Build.0 = Release|Any CPU
		{FF03E61F-2D99-4DB8-802F-4B31742AACDC}.Debug|Any CPU.ActiveCfg = Debug|Any CPU
		{FF03E61F-2D99-4DB8-802F-4B31742AACDC}.Debug|Any CPU.Build.0 = Debug|Any CPU
		{FF03E61F-2D99-4DB8-802F-4B31742AACDC}.Release|Any CPU.ActiveCfg = Release|Any CPU
		{FF03E61F-2D99-4DB8-802F-4B31742AACDC}.Release|Any CPU.Build.0 = Release|Any CPU
		{787BDC8E-9799-4D73-8053-DEE2ED52AB55}.Debug|Any CPU.ActiveCfg = Debug|Any CPU
		{787BDC8E-9799-4D73-8053-DEE2ED52AB55}.Debug|Any CPU.Build.0 = Debug|Any CPU
		{787BDC8E-9799-4D73-8053-DEE2ED52AB55}.Release|Any CPU.ActiveCfg = Release|Any CPU
		{787BDC8E-9799-4D73-8053-DEE2ED52AB55}.Release|Any CPU.Build.0 = Release|Any CPU
	EndGlobalSection
	GlobalSection(SolutionProperties) = preSolution
		HideSolutionNode = FALSE
	EndGlobalSection
	GlobalSection(ExtensibilityGlobals) = postSolution
		SolutionGuid = {0F7D31DC-CCD6-4427-A89A-10173EB77B5C}
	EndGlobalSection
EndGlobal
